
Microsoft Visual Studio Solution File, Format Version 12.00
# Visual Studio 2013
VisualStudioVersion = 12.0.30723.0
MinimumVisualStudioVersion = 10.0.40219.1
Project("{8BC9CEB8-8B4A-11D0-8D11-00A0C91BC942}") = "OOP_L2_2", "OOP_L2_2\OOP_L2_2.vcxproj", "{25C63015-A42D-4815-9607-DC8937C596C6}"
EndProject
Project("{8BC9CEB8-8B4A-11D0-8D11-00A0C91BC942}") = "TheApplicationTests", "TheApplicationTests\TheApplicationTests.vcxproj", "{7BF0981C-81D3-439E-8B05-166DF084FFEB}"
EndProject
Global
	GlobalSection(SolutionConfigurationPlatforms) = preSolution
		Debug|Win32 = Debug|Win32
		Release|Win32 = Release|Win32
	EndGlobalSection
	GlobalSection(ProjectConfigurationPlatforms) = postSolution
		{25C63015-A42D-4815-9607-DC8937C596C6}.Debug|Win32.ActiveCfg = Debug|Win32
		{25C63015-A42D-4815-9607-DC8937C596C6}.Debug|Win32.Build.0 = Debug|Win32
		{25C63015-A42D-4815-9607-DC8937C596C6}.Release|Win32.ActiveCfg = Release|Win32
		{25C63015-A42D-4815-9607-DC8937C596C6}.Release|Win32.Build.0 = Release|Win32
		{7BF0981C-81D3-439E-8B05-166DF084FFEB}.Debug|Win32.ActiveCfg = Debug|Win32
		{7BF0981C-81D3-439E-8B05-166DF084FFEB}.Debug|Win32.Build.0 = Debug|Win32
		{7BF0981C-81D3-439E-8B05-166DF084FFEB}.Release|Win32.ActiveCfg = Release|Win32
		{7BF0981C-81D3-439E-8B05-166DF084FFEB}.Release|Win32.Build.0 = Release|Win32
	EndGlobalSection
	GlobalSection(SolutionProperties) = preSolution
		HideSolutionNode = FALSE
	EndGlobalSection
EndGlobal
